// !$*UTF8*$!
{
	archiveVersion = 1;
	classes = {
	};
	objectVersion = 50;
	objects = {

/* Begin PBXBuildFile section */
		8C5A584C225C7334000C76E6 /* PersistencyManager.swift in Sources */ = {isa = PBXBuildFile; fileRef = 8C5A584B225C7334000C76E6 /* PersistencyManager.swift */; };
		8C5A584E225C7535000C76E6 /* Message.swift in Sources */ = {isa = PBXBuildFile; fileRef = 8C5A584D225C7535000C76E6 /* Message.swift */; };
		8C5A5850225C7576000C76E6 /* RootObject.swift in Sources */ = {isa = PBXBuildFile; fileRef = 8C5A584F225C7576000C76E6 /* RootObject.swift */; };
		8C5A5852225C75A9000C76E6 /* Author.swift in Sources */ = {isa = PBXBuildFile; fileRef = 8C5A5851225C75A9000C76E6 /* Author.swift */; };
		8C5A5854225C7867000C76E6 /* MessageListViewModel.swift in Sources */ = {isa = PBXBuildFile; fileRef = 8C5A5853225C7867000C76E6 /* MessageListViewModel.swift */; };
		8C5A5857225C7A32000C76E6 /* Utility.swift in Sources */ = {isa = PBXBuildFile; fileRef = 8C5A5856225C7A32000C76E6 /* Utility.swift */; };
		8C5A585A225C7D9C000C76E6 /* UIViewController+Reactive.swift in Sources */ = {isa = PBXBuildFile; fileRef = 8C5A5859225C7D9C000C76E6 /* UIViewController+Reactive.swift */; };
		8C5A585D225C7F47000C76E6 /* Coordinator.swift in Sources */ = {isa = PBXBuildFile; fileRef = 8C5A585C225C7F47000C76E6 /* Coordinator.swift */; };
		8C5A585F225C8481000C76E6 /* MessageCell.swift in Sources */ = {isa = PBXBuildFile; fileRef = 8C5A585E225C8481000C76E6 /* MessageCell.swift */; };
		8C5A5861225C8589000C76E6 /* MessageViewModel.swift in Sources */ = {isa = PBXBuildFile; fileRef = 8C5A5860225C8589000C76E6 /* MessageViewModel.swift */; };
		8EC105E5225BCD2B0081DABA /* AppDelegate.swift in Sources */ = {isa = PBXBuildFile; fileRef = 8EC105E4225BCD2B0081DABA /* AppDelegate.swift */; };
		8EC105E7225BCD2B0081DABA /* MessageListView.swift in Sources */ = {isa = PBXBuildFile; fileRef = 8EC105E6225BCD2B0081DABA /* MessageListView.swift */; };
		8EC105EA225BCD2B0081DABA /* Main.storyboard in Resources */ = {isa = PBXBuildFile; fileRef = 8EC105E8225BCD2B0081DABA /* Main.storyboard */; };
		8EC105EC225BCD2C0081DABA /* Assets.xcassets in Resources */ = {isa = PBXBuildFile; fileRef = 8EC105EB225BCD2C0081DABA /* Assets.xcassets */; };
		8EC105EF225BCD2C0081DABA /* LaunchScreen.storyboard in Resources */ = {isa = PBXBuildFile; fileRef = 8EC105ED225BCD2C0081DABA /* LaunchScreen.storyboard */; };
		8EC105FB225BD9B70081DABA /* NetworkProvider.swift in Sources */ = {isa = PBXBuildFile; fileRef = 8EC105FA225BD9B70081DABA /* NetworkProvider.swift */; };
		8EC105FD225BDC180081DABA /* NetworkProvider+Rx.swift in Sources */ = {isa = PBXBuildFile; fileRef = 8EC105FC225BDC180081DABA /* NetworkProvider+Rx.swift */; };
		8EC105FF225BE7360081DABA /* Scheduler.swift in Sources */ = {isa = PBXBuildFile; fileRef = 8EC105FE225BE7360081DABA /* Scheduler.swift */; };
		8EC10601225BF1CB0081DABA /* MessageResponse.swift in Sources */ = {isa = PBXBuildFile; fileRef = 8EC10600225BF1CB0081DABA /* MessageResponse.swift */; };
		B1CB9703FC40348E8E963558 /* Pods_message.framework in Frameworks */ = {isa = PBXBuildFile; fileRef = 1647DDF87D65A55EE026C832 /* Pods_message.framework */; };
/* End PBXBuildFile section */

/* Begin PBXFileReference section */
		1647DDF87D65A55EE026C832 /* Pods_message.framework */ = {isa = PBXFileReference; explicitFileType = wrapper.framework; includeInIndex = 0; path = Pods_message.framework; sourceTree = BUILT_PRODUCTS_DIR; };
		8C5A584B225C7334000C76E6 /* PersistencyManager.swift */ = {isa = PBXFileReference; lastKnownFileType = sourcecode.swift; path = PersistencyManager.swift; sourceTree = "<group>"; };
		8C5A584D225C7535000C76E6 /* Message.swift */ = {isa = PBXFileReference; lastKnownFileType = sourcecode.swift; path = Message.swift; sourceTree = "<group>"; };
		8C5A584F225C7576000C76E6 /* RootObject.swift */ = {isa = PBXFileReference; lastKnownFileType = sourcecode.swift; path = RootObject.swift; sourceTree = "<group>"; };
		8C5A5851225C75A9000C76E6 /* Author.swift */ = {isa = PBXFileReference; lastKnownFileType = sourcecode.swift; path = Author.swift; sourceTree = "<group>"; };
		8C5A5853225C7867000C76E6 /* MessageListViewModel.swift */ = {isa = PBXFileReference; lastKnownFileType = sourcecode.swift; name = MessageListViewModel.swift; path = message/Model/MessageListViewModel.swift; sourceTree = SOURCE_ROOT; };
		8C5A5856225C7A32000C76E6 /* Utility.swift */ = {isa = PBXFileReference; lastKnownFileType = sourcecode.swift; path = Utility.swift; sourceTree = "<group>"; };
		8C5A5859225C7D9C000C76E6 /* UIViewController+Reactive.swift */ = {isa = PBXFileReference; lastKnownFileType = sourcecode.swift; path = "UIViewController+Reactive.swift"; sourceTree = "<group>"; };
		8C5A585C225C7F47000C76E6 /* Coordinator.swift */ = {isa = PBXFileReference; lastKnownFileType = sourcecode.swift; path = Coordinator.swift; sourceTree = "<group>"; };
		8C5A585E225C8481000C76E6 /* MessageCell.swift */ = {isa = PBXFileReference; lastKnownFileType = sourcecode.swift; path = MessageCell.swift; sourceTree = "<group>"; };
		8C5A5860225C8589000C76E6 /* MessageViewModel.swift */ = {isa = PBXFileReference; lastKnownFileType = sourcecode.swift; name = MessageViewModel.swift; path = message/View/MessageViewModel.swift; sourceTree = SOURCE_ROOT; };
		8EC105E1225BCD2B0081DABA /* message.app */ = {isa = PBXFileReference; explicitFileType = wrapper.application; includeInIndex = 0; path = message.app; sourceTree = BUILT_PRODUCTS_DIR; };
		8EC105E4225BCD2B0081DABA /* AppDelegate.swift */ = {isa = PBXFileReference; lastKnownFileType = sourcecode.swift; path = AppDelegate.swift; sourceTree = "<group>"; };
		8EC105E6225BCD2B0081DABA /* MessageListView.swift */ = {isa = PBXFileReference; lastKnownFileType = sourcecode.swift; path = MessageListView.swift; sourceTree = "<group>"; };
		8EC105E9225BCD2B0081DABA /* Base */ = {isa = PBXFileReference; lastKnownFileType = file.storyboard; name = Base; path = Base.lproj/Main.storyboard; sourceTree = "<group>"; };
		8EC105EB225BCD2C0081DABA /* Assets.xcassets */ = {isa = PBXFileReference; lastKnownFileType = folder.assetcatalog; path = Assets.xcassets; sourceTree = "<group>"; };
		8EC105EE225BCD2C0081DABA /* Base */ = {isa = PBXFileReference; lastKnownFileType = file.storyboard; name = Base; path = Base.lproj/LaunchScreen.storyboard; sourceTree = "<group>"; };
		8EC105F0225BCD2C0081DABA /* Info.plist */ = {isa = PBXFileReference; lastKnownFileType = text.plist.xml; path = Info.plist; sourceTree = "<group>"; };
		8EC105FA225BD9B70081DABA /* NetworkProvider.swift */ = {isa = PBXFileReference; lastKnownFileType = sourcecode.swift; path = NetworkProvider.swift; sourceTree = "<group>"; };
		8EC105FC225BDC180081DABA /* NetworkProvider+Rx.swift */ = {isa = PBXFileReference; lastKnownFileType = sourcecode.swift; path = "NetworkProvider+Rx.swift"; sourceTree = "<group>"; };
		8EC105FE225BE7360081DABA /* Scheduler.swift */ = {isa = PBXFileReference; lastKnownFileType = sourcecode.swift; path = Scheduler.swift; sourceTree = "<group>"; };
		8EC10600225BF1CB0081DABA /* MessageResponse.swift */ = {isa = PBXFileReference; lastKnownFileType = sourcecode.swift; path = MessageResponse.swift; sourceTree = "<group>"; };
		92911CD41BBF7FEB7F37719C /* Pods-message.release.xcconfig */ = {isa = PBXFileReference; includeInIndex = 1; lastKnownFileType = text.xcconfig; name = "Pods-message.release.xcconfig"; path = "Target Support Files/Pods-message/Pods-message.release.xcconfig"; sourceTree = "<group>"; };
		D0C3E6DAA80D80063DF17050 /* Pods-message.debug.xcconfig */ = {isa = PBXFileReference; includeInIndex = 1; lastKnownFileType = text.xcconfig; name = "Pods-message.debug.xcconfig"; path = "Target Support Files/Pods-message/Pods-message.debug.xcconfig"; sourceTree = "<group>"; };
/* End PBXFileReference section */

/* Begin PBXFrameworksBuildPhase section */
		8EC105DE225BCD2B0081DABA /* Frameworks */ = {
			isa = PBXFrameworksBuildPhase;
			buildActionMask = 2147483647;
			files = (
				B1CB9703FC40348E8E963558 /* Pods_message.framework in Frameworks */,
			);
			runOnlyForDeploymentPostprocessing = 0;
		};
/* End PBXFrameworksBuildPhase section */

/* Begin PBXGroup section */
		0C944DC1D84CDA6B835BDFA3 /* Frameworks */ = {
			isa = PBXGroup;
			children = (
				1647DDF87D65A55EE026C832 /* Pods_message.framework */,
			);
			name = Frameworks;
			sourceTree = "<group>";
		};
		2A76593F803D552BBC899DB2 /* Pods */ = {
			isa = PBXGroup;
			children = (
				D0C3E6DAA80D80063DF17050 /* Pods-message.debug.xcconfig */,
				92911CD41BBF7FEB7F37719C /* Pods-message.release.xcconfig */,
			);
			path = Pods;
			sourceTree = "<group>";
		};
		8C5A5855225C7A21000C76E6 /* Uitility */ = {
			isa = PBXGroup;
			children = (
				8C5A5856225C7A32000C76E6 /* Utility.swift */,
			);
			path = Uitility;
			sourceTree = "<group>";
		};
		8C5A5858225C7D88000C76E6 /* Extensions */ = {
			isa = PBXGroup;
			children = (
				8C5A5859225C7D9C000C76E6 /* UIViewController+Reactive.swift */,
			);
			path = Extensions;
			sourceTree = "<group>";
		};
		8C5A585B225C7F39000C76E6 /* Coordinator */ = {
			isa = PBXGroup;
			children = (
				8C5A585C225C7F47000C76E6 /* Coordinator.swift */,
			);
			path = Coordinator;
			sourceTree = "<group>";
		};
		8EC105D8225BCD2B0081DABA = {
			isa = PBXGroup;
			children = (
				8EC105E3225BCD2B0081DABA /* message */,
				8EC105E2225BCD2B0081DABA /* Products */,
				2A76593F803D552BBC899DB2 /* Pods */,
				0C944DC1D84CDA6B835BDFA3 /* Frameworks */,
			);
			sourceTree = "<group>";
		};
		8EC105E2225BCD2B0081DABA /* Products */ = {
			isa = PBXGroup;
			children = (
				8EC105E1225BCD2B0081DABA /* message.app */,
			);
			name = Products;
			sourceTree = "<group>";
		};
		8EC105E3225BCD2B0081DABA /* message */ = {
			isa = PBXGroup;
			children = (
				8EC105F6225BCD700081DABA /* Model */,
				8EC105F7225BCD7A0081DABA /* View */,
				8EC105F8225BCD830081DABA /* View Model */,
				8C5A585B225C7F39000C76E6 /* Coordinator */,
				8EC105F9225BD9380081DABA /* Network */,
				8C5A5855225C7A21000C76E6 /* Uitility */,
				8EC105E4225BCD2B0081DABA /* AppDelegate.swift */,
				8C5A5858225C7D88000C76E6 /* Extensions */,
				8EC105EB225BCD2C0081DABA /* Assets.xcassets */,
				8EC105ED225BCD2C0081DABA /* LaunchScreen.storyboard */,
				8EC105F0225BCD2C0081DABA /* Info.plist */,
			);
			path = message;
			sourceTree = "<group>";
		};
		8EC105F6225BCD700081DABA /* Model */ = {
			isa = PBXGroup;
			children = (
				8EC10600225BF1CB0081DABA /* MessageResponse.swift */,
				8C5A584D225C7535000C76E6 /* Message.swift */,
				8C5A584F225C7576000C76E6 /* RootObject.swift */,
				8C5A5851225C75A9000C76E6 /* Author.swift */,
				8C5A584B225C7334000C76E6 /* PersistencyManager.swift */,
			);
			path = Model;
			sourceTree = "<group>";
		};
		8EC105F7225BCD7A0081DABA /* View */ = {
			isa = PBXGroup;
			children = (
				8EC105E6225BCD2B0081DABA /* MessageListView.swift */,
				8C5A585E225C8481000C76E6 /* MessageCell.swift */,
				8EC105E8225BCD2B0081DABA /* Main.storyboard */,
			);
			path = View;
			sourceTree = "<group>";
		};
		8EC105F8225BCD830081DABA /* View Model */ = {
			isa = PBXGroup;
			children = (
				8C5A5853225C7867000C76E6 /* MessageListViewModel.swift */,
				8C5A5860225C8589000C76E6 /* MessageViewModel.swift */,
			);
			path = "View Model";
			sourceTree = "<group>";
		};
		8EC105F9225BD9380081DABA /* Network */ = {
			isa = PBXGroup;
			children = (
				8EC105FE225BE7360081DABA /* Scheduler.swift */,
				8EC105FA225BD9B70081DABA /* NetworkProvider.swift */,
				8EC105FC225BDC180081DABA /* NetworkProvider+Rx.swift */,
			);
			path = Network;
			sourceTree = "<group>";
		};
/* End PBXGroup section */

/* Begin PBXNativeTarget section */
		8EC105E0225BCD2B0081DABA /* message */ = {
			isa = PBXNativeTarget;
			buildConfigurationList = 8EC105F3225BCD2C0081DABA /* Build configuration list for PBXNativeTarget "message" */;
			buildPhases = (
				AA01DC79EF78744D71A447C9 /* [CP] Check Pods Manifest.lock */,
				8EC105DD225BCD2B0081DABA /* Sources */,
				8EC105DE225BCD2B0081DABA /* Frameworks */,
				8EC105DF225BCD2B0081DABA /* Resources */,
				576D29ED30C1A7FDF51F139D /* [CP] Embed Pods Frameworks */,
			);
			buildRules = (
			);
			dependencies = (
			);
			name = message;
			productName = message;
			productReference = 8EC105E1225BCD2B0081DABA /* message.app */;
			productType = "com.apple.product-type.application";
		};
/* End PBXNativeTarget section */

/* Begin PBXProject section */
		8EC105D9225BCD2B0081DABA /* Project object */ = {
			isa = PBXProject;
			attributes = {
				LastSwiftUpdateCheck = 1020;
				LastUpgradeCheck = 1020;
				ORGANIZATIONNAME = home;
				TargetAttributes = {
					8EC105E0225BCD2B0081DABA = {
						CreatedOnToolsVersion = 10.2;
					};
				};
			};
			buildConfigurationList = 8EC105DC225BCD2B0081DABA /* Build configuration list for PBXProject "message" */;
			compatibilityVersion = "Xcode 9.3";
			developmentRegion = en;
			hasScannedForEncodings = 0;
			knownRegions = (
				en,
				Base,
			);
			mainGroup = 8EC105D8225BCD2B0081DABA;
			productRefGroup = 8EC105E2225BCD2B0081DABA /* Products */;
			projectDirPath = "";
			projectRoot = "";
			targets = (
				8EC105E0225BCD2B0081DABA /* message */,
			);
		};
/* End PBXProject section */

/* Begin PBXResourcesBuildPhase section */
		8EC105DF225BCD2B0081DABA /* Resources */ = {
			isa = PBXResourcesBuildPhase;
			buildActionMask = 2147483647;
			files = (
				8EC105EF225BCD2C0081DABA /* LaunchScreen.storyboard in Resources */,
				8EC105EC225BCD2C0081DABA /* Assets.xcassets in Resources */,
				8EC105EA225BCD2B0081DABA /* Main.storyboard in Resources */,
			);
			runOnlyForDeploymentPostprocessing = 0;
		};
/* End PBXResourcesBuildPhase section */

/* Begin PBXShellScriptBuildPhase section */
		576D29ED30C1A7FDF51F139D /* [CP] Embed Pods Frameworks */ = {
			isa = PBXShellScriptBuildPhase;
			buildActionMask = 2147483647;
			files = (
			);
			inputFileListPaths = (
			);
			inputPaths = (
				"${PODS_ROOT}/Target Support Files/Pods-message/Pods-message-frameworks.sh",
				"${BUILT_PRODUCTS_DIR}/Alamofire/Alamofire.framework",
				"${BUILT_PRODUCTS_DIR}/Kingfisher/Kingfisher.framework",
				"${BUILT_PRODUCTS_DIR}/Realm/Realm.framework",
				"${BUILT_PRODUCTS_DIR}/RealmSwift/RealmSwift.framework",
				"${BUILT_PRODUCTS_DIR}/RxAlamofire/RxAlamofire.framework",
				"${BUILT_PRODUCTS_DIR}/RxAtomic/RxAtomic.framework",
				"${BUILT_PRODUCTS_DIR}/RxCocoa/RxCocoa.framework",
				"${BUILT_PRODUCTS_DIR}/RxRealm/RxRealm.framework",
				"${BUILT_PRODUCTS_DIR}/RxRealmDataSources/RxRealmDataSources.framework",
				"${BUILT_PRODUCTS_DIR}/RxSwift/RxSwift.framework",
			);
			name = "[CP] Embed Pods Frameworks";
			outputFileListPaths = (
			);
			outputPaths = (
				"${TARGET_BUILD_DIR}/${FRAMEWORKS_FOLDER_PATH}/Alamofire.framework",
				"${TARGET_BUILD_DIR}/${FRAMEWORKS_FOLDER_PATH}/Kingfisher.framework",
				"${TARGET_BUILD_DIR}/${FRAMEWORKS_FOLDER_PATH}/Realm.framework",
				"${TARGET_BUILD_DIR}/${FRAMEWORKS_FOLDER_PATH}/RealmSwift.framework",
				"${TARGET_BUILD_DIR}/${FRAMEWORKS_FOLDER_PATH}/RxAlamofire.framework",
				"${TARGET_BUILD_DIR}/${FRAMEWORKS_FOLDER_PATH}/RxAtomic.framework",
				"${TARGET_BUILD_DIR}/${FRAMEWORKS_FOLDER_PATH}/RxCocoa.framework",
				"${TARGET_BUILD_DIR}/${FRAMEWORKS_FOLDER_PATH}/RxRealm.framework",
				"${TARGET_BUILD_DIR}/${FRAMEWORKS_FOLDER_PATH}/RxRealmDataSources.framework",
				"${TARGET_BUILD_DIR}/${FRAMEWORKS_FOLDER_PATH}/RxSwift.framework",
			);
			runOnlyForDeploymentPostprocessing = 0;
			shellPath = /bin/sh;
			shellScript = "\"${PODS_ROOT}/Target Support Files/Pods-message/Pods-message-frameworks.sh\"\n";
			showEnvVarsInLog = 0;
		};
		AA01DC79EF78744D71A447C9 /* [CP] Check Pods Manifest.lock */ = {
			isa = PBXShellScriptBuildPhase;
			buildActionMask = 2147483647;
			files = (
			);
			inputFileListPaths = (
			);
			inputPaths = (
				"${PODS_PODFILE_DIR_PATH}/Podfile.lock",
				"${PODS_ROOT}/Manifest.lock",
			);
			name = "[CP] Check Pods Manifest.lock";
			outputFileListPaths = (
			);
			outputPaths = (
				"$(DERIVED_FILE_DIR)/Pods-message-checkManifestLockResult.txt",
			);
			runOnlyForDeploymentPostprocessing = 0;
			shellPath = /bin/sh;
			shellScript = "diff \"${PODS_PODFILE_DIR_PATH}/Podfile.lock\" \"${PODS_ROOT}/Manifest.lock\" > /dev/null\nif [ $? != 0 ] ; then\n    # print error to STDERR\n    echo \"error: The sandbox is not in sync with the Podfile.lock. Run 'pod install' or update your CocoaPods installation.\" >&2\n    exit 1\nfi\n# This output is used by Xcode 'outputs' to avoid re-running this script phase.\necho \"SUCCESS\" > \"${SCRIPT_OUTPUT_FILE_0}\"\n";
			showEnvVarsInLog = 0;
		};
/* End PBXShellScriptBuildPhase section */

/* Begin PBXSourcesBuildPhase section */
		8EC105DD225BCD2B0081DABA /* Sources */ = {
			isa = PBXSourcesBuildPhase;
			buildActionMask = 2147483647;
			files = (
				8EC105E7225BCD2B0081DABA /* MessageListView.swift in Sources */,
				8EC105FD225BDC180081DABA /* NetworkProvider+Rx.swift in Sources */,
				8C5A5861225C8589000C76E6 /* MessageViewModel.swift in Sources */,
				8C5A5850225C7576000C76E6 /* RootObject.swift in Sources */,
				8EC105E5225BCD2B0081DABA /* AppDelegate.swift in Sources */,
				8C5A585A225C7D9C000C76E6 /* UIViewController+Reactive.swift in Sources */,
				8C5A5852225C75A9000C76E6 /* Author.swift in Sources */,
				8C5A585D225C7F47000C76E6 /* Coordinator.swift in Sources */,
				8EC105FF225BE7360081DABA /* Scheduler.swift in Sources */,
				8EC10601225BF1CB0081DABA /* MessageResponse.swift in Sources */,
				8C5A584E225C7535000C76E6 /* Message.swift in Sources */,
				8C5A5857225C7A32000C76E6 /* Utility.swift in Sources */,
				8C5A585F225C8481000C76E6 /* MessageCell.swift in Sources */,
				8C5A5854225C7867000C76E6 /* MessageListViewModel.swift in Sources */,
				8EC105FB225BD9B70081DABA /* NetworkProvider.swift in Sources */,
				8C5A584C225C7334000C76E6 /* PersistencyManager.swift in Sources */,
			);
			runOnlyForDeploymentPostprocessing = 0;
		};
/* End PBXSourcesBuildPhase section */

/* Begin PBXVariantGroup section */
		8EC105E8225BCD2B0081DABA /* Main.storyboard */ = {
			isa = PBXVariantGroup;
			children = (
				8EC105E9225BCD2B0081DABA /* Base */,
			);
			name = Main.storyboard;
			sourceTree = "<group>";
		};
		8EC105ED225BCD2C0081DABA /* LaunchScreen.storyboard */ = {
			isa = PBXVariantGroup;
			children = (
				8EC105EE225BCD2C0081DABA /* Base */,
			);
			name = LaunchScreen.storyboard;
			sourceTree = "<group>";
		};
/* End PBXVariantGroup section */

/* Begin XCBuildConfiguration section */
		8EC105F1225BCD2C0081DABA /* Debug */ = {
			isa = XCBuildConfiguration;
			buildSettings = {
				ALWAYS_SEARCH_USER_PATHS = NO;
				CLANG_ANALYZER_NONNULL = YES;
				CLANG_ANALYZER_NUMBER_OBJECT_CONVERSION = YES_AGGRESSIVE;
				CLANG_CXX_LANGUAGE_STANDARD = "gnu++14";
				CLANG_CXX_LIBRARY = "libc++";
				CLANG_ENABLE_MODULES = YES;
				CLANG_ENABLE_OBJC_ARC = YES;
				CLANG_ENABLE_OBJC_WEAK = YES;
				CLANG_WARN_BLOCK_CAPTURE_AUTORELEASING = YES;
				CLANG_WARN_BOOL_CONVERSION = YES;
				CLANG_WARN_COMMA = YES;
				CLANG_WARN_CONSTANT_CONVERSION = YES;
				CLANG_WARN_DEPRECATED_OBJC_IMPLEMENTATIONS = YES;
				CLANG_WARN_DIRECT_OBJC_ISA_USAGE = YES_ERROR;
				CLANG_WARN_DOCUMENTATION_COMMENTS = YES;
				CLANG_WARN_EMPTY_BODY = YES;
				CLANG_WARN_ENUM_CONVERSION = YES;
				CLANG_WARN_INFINITE_RECURSION = YES;
				CLANG_WARN_INT_CONVERSION = YES;
				CLANG_WARN_NON_LITERAL_NULL_CONVERSION = YES;
				CLANG_WARN_OBJC_IMPLICIT_RETAIN_SELF = YES;
				CLANG_WARN_OBJC_LITERAL_CONVERSION = YES;
				CLANG_WARN_OBJC_ROOT_CLASS = YES_ERROR;
				CLANG_WARN_RANGE_LOOP_ANALYSIS = YES;
				CLANG_WARN_STRICT_PROTOTYPES = YES;
				CLANG_WARN_SUSPICIOUS_MOVE = YES;
				CLANG_WARN_UNGUARDED_AVAILABILITY = YES_AGGRESSIVE;
				CLANG_WARN_UNREACHABLE_CODE = YES;
				CLANG_WARN__DUPLICATE_METHOD_MATCH = YES;
				CODE_SIGN_IDENTITY = "iPhone Developer";
				COPY_PHASE_STRIP = NO;
				DEBUG_INFORMATION_FORMAT = dwarf;
				ENABLE_STRICT_OBJC_MSGSEND = YES;
				ENABLE_TESTABILITY = YES;
				GCC_C_LANGUAGE_STANDARD = gnu11;
				GCC_DYNAMIC_NO_PIC = NO;
				GCC_NO_COMMON_BLOCKS = YES;
				GCC_OPTIMIZATION_LEVEL = 0;
				GCC_PREPROCESSOR_DEFINITIONS = (
					"DEBUG=1",
					"$(inherited)",
				);
				GCC_WARN_64_TO_32_BIT_CONVERSION = YES;
				GCC_WARN_ABOUT_RETURN_TYPE = YES_ERROR;
				GCC_WARN_UNDECLARED_SELECTOR = YES;
				GCC_WARN_UNINITIALIZED_AUTOS = YES_AGGRESSIVE;
				GCC_WARN_UNUSED_FUNCTION = YES;
				GCC_WARN_UNUSED_VARIABLE = YES;
				IPHONEOS_DEPLOYMENT_TARGET = 12.2;
				MTL_ENABLE_DEBUG_INFO = INCLUDE_SOURCE;
				MTL_FAST_MATH = YES;
				ONLY_ACTIVE_ARCH = YES;
				SDKROOT = iphoneos;
				SWIFT_ACTIVE_COMPILATION_CONDITIONS = DEBUG;
				SWIFT_OPTIMIZATION_LEVEL = "-Onone";
			};
			name = Debug;
		};
		8EC105F2225BCD2C0081DABA /* Release */ = {
			isa = XCBuildConfiguration;
			buildSettings = {
				ALWAYS_SEARCH_USER_PATHS = NO;
				CLANG_ANALYZER_NONNULL = YES;
				CLANG_ANALYZER_NUMBER_OBJECT_CONVERSION = YES_AGGRESSIVE;
				CLANG_CXX_LANGUAGE_STANDARD = "gnu++14";
				CLANG_CXX_LIBRARY = "libc++";
				CLANG_ENABLE_MODULES = YES;
				CLANG_ENABLE_OBJC_ARC = YES;
				CLANG_ENABLE_OBJC_WEAK = YES;
				CLANG_WARN_BLOCK_CAPTURE_AUTORELEASING = YES;
				CLANG_WARN_BOOL_CONVERSION = YES;
				CLANG_WARN_COMMA = YES;
				CLANG_WARN_CONSTANT_CONVERSION = YES;
				CLANG_WARN_DEPRECATED_OBJC_IMPLEMENTATIONS = YES;
				CLANG_WARN_DIRECT_OBJC_ISA_USAGE = YES_ERROR;
				CLANG_WARN_DOCUMENTATION_COMMENTS = YES;
				CLANG_WARN_EMPTY_BODY = YES;
				CLANG_WARN_ENUM_CONVERSION = YES;
				CLANG_WARN_INFINITE_RECURSION = YES;
				CLANG_WARN_INT_CONVERSION = YES;
				CLANG_WARN_NON_LITERAL_NULL_CONVERSION = YES;
				CLANG_WARN_OBJC_IMPLICIT_RETAIN_SELF = YES;
				CLANG_WARN_OBJC_LITERAL_CONVERSION = YES;
				CLANG_WARN_OBJC_ROOT_CLASS = YES_ERROR;
				CLANG_WARN_RANGE_LOOP_ANALYSIS = YES;
				CLANG_WARN_STRICT_PROTOTYPES = YES;
				CLANG_WARN_SUSPICIOUS_MOVE = YES;
				CLANG_WARN_UNGUARDED_AVAILABILITY = YES_AGGRESSIVE;
				CLANG_WARN_UNREACHABLE_CODE = YES;
				CLANG_WARN__DUPLICATE_METHOD_MATCH = YES;
				CODE_SIGN_IDENTITY = "iPhone Developer";
				COPY_PHASE_STRIP = NO;
				DEBUG_INFORMATION_FORMAT = "dwarf-with-dsym";
				ENABLE_NS_ASSERTIONS = NO;
				ENABLE_STRICT_OBJC_MSGSEND = YES;
				GCC_C_LANGUAGE_STANDARD = gnu11;
				GCC_NO_COMMON_BLOCKS = YES;
				GCC_WARN_64_TO_32_BIT_CONVERSION = YES;
				GCC_WARN_ABOUT_RETURN_TYPE = YES_ERROR;
				GCC_WARN_UNDECLARED_SELECTOR = YES;
				GCC_WARN_UNINITIALIZED_AUTOS = YES_AGGRESSIVE;
				GCC_WARN_UNUSED_FUNCTION = YES;
				GCC_WARN_UNUSED_VARIABLE = YES;
				IPHONEOS_DEPLOYMENT_TARGET = 12.2;
				MTL_ENABLE_DEBUG_INFO = NO;
				MTL_FAST_MATH = YES;
				SDKROOT = iphoneos;
				SWIFT_COMPILATION_MODE = wholemodule;
				SWIFT_OPTIMIZATION_LEVEL = "-O";
				VALIDATE_PRODUCT = YES;
			};
			name = Release;
		};
		8EC105F4225BCD2C0081DABA /* Debug */ = {
			isa = XCBuildConfiguration;
			baseConfigurationReference = D0C3E6DAA80D80063DF17050 /* Pods-message.debug.xcconfig */;
			buildSettings = {
				ASSETCATALOG_COMPILER_APPICON_NAME = AppIcon;
				CODE_SIGN_STYLE = Automatic;
				DEVELOPMENT_TEAM = 96YAFFZLHL;
				INFOPLIST_FILE = message/Info.plist;
				LD_RUNPATH_SEARCH_PATHS = (
					"$(inherited)",
					"@executable_path/Frameworks",
				);
				PRODUCT_BUNDLE_IDENTIFIER = home.message.test;
				PRODUCT_NAME = "$(TARGET_NAME)";
				SWIFT_VERSION = 5.0;
				TARGETED_DEVICE_FAMILY = "1,2";
			};
			name = Debug;
		};
		8EC105F5225BCD2C0081DABA /* Release */ = {
			isa = XCBuildConfiguration;
			baseConfigurationReference = 92911CD41BBF7FEB7F37719C /* Pods-message.release.xcconfig */;
			buildSettings = {
				ASSETCATALOG_COMPILER_APPICON_NAME = AppIcon;
				CODE_SIGN_STYLE = Automatic;
				DEVELOPMENT_TEAM = 96YAFFZLHL;
				INFOPLIST_FILE = message/Info.plist;
				LD_RUNPATH_SEARCH_PATHS = (
					"$(inherited)",
					"@executable_path/Frameworks",
				);
				PRODUCT_BUNDLE_IDENTIFIER = home.message.test;
				PRODUCT_NAME = "$(TARGET_NAME)";
				SWIFT_VERSION = 5.0;
				TARGETED_DEVICE_FAMILY = "1,2";
			};
			name = Release;
		};
/* End XCBuildConfiguration section */

/* Begin XCConfigurationList section */
		8EC105DC225BCD2B0081DABA /* Build configuration list for PBXProject "message" */ = {
			isa = XCConfigurationList;
			buildConfigurations = (
				8EC105F1225BCD2C0081DABA /* Debug */,
				8EC105F2225BCD2C0081DABA /* Release */,
			);
			defaultConfigurationIsVisible = 0;
			defaultConfigurationName = Release;
		};
		8EC105F3225BCD2C0081DABA /* Build configuration list for PBXNativeTarget "message" */ = {
			isa = XCConfigurationList;
			buildConfigurations = (
				8EC105F4225BCD2C0081DABA /* Debug */,
				8EC105F5225BCD2C0081DABA /* Release */,
			);
			defaultConfigurationIsVisible = 0;
			defaultConfigurationName = Release;
		};
/* End XCConfigurationList section */
	};
	rootObject = 8EC105D9225BCD2B0081DABA /* Project object */;
}
